
Microsoft Visual Studio Solution File, Format Version 12.00
# Visual Studio 15
VisualStudioVersion = 15.0.26430.15
MinimumVisualStudioVersion = 10.0.40219.1
Project("{FAE04EC0-301F-11D3-BF4B-00C04F79EFBC}") = "TinyBlog", "TinyBlog\TinyBlog.csproj", "{EF36A713-56BA-4C6C-A645-EC96FEA7D095}"
EndProject
Project("{2150E333-8FDC-42A3-9474-1A3956D46DE8}") = "Domain", "Domain", "{426BE4D6-C6FC-4D5D-B413-EF866810AF08}"
EndProject
Project("{2150E333-8FDC-42A3-9474-1A3956D46DE8}") = "WebUI", "WebUI", "{C868BF2A-EC70-40BE-8436-2FC67602843D}"
EndProject
Project("{2150E333-8FDC-42A3-9474-1A3956D46DE8}") = "Services", "Services", "{C7B32358-0B53-4CC8-A8FC-AFAA4B823252}"
EndProject
Project("{2150E333-8FDC-42A3-9474-1A3956D46DE8}") = "Common", "Common", "{6520C562-3B60-459F-A251-5541D07F9A26}"
EndProject
Project("{FAE04EC0-301F-11D3-BF4B-00C04F79EFBC}") = "Domain", "Domain\Domain.csproj", "{646BF0B8-D3F6-4E45-9E52-AB2429CEB6E2}"
EndProject
Project("{FAE04EC0-301F-11D3-BF4B-00C04F79EFBC}") = "Repository", "Repository\Repository.csproj", "{EF6DE278-CF9E-47BF-9585-4C6009042175}"
EndProject
Project("{FAE04EC0-301F-11D3-BF4B-00C04F79EFBC}") = "Service", "Service\Service.csproj", "{9BA18374-EA0D-42C1-B099-3B1A19C57DE9}"
EndProject
Project("{FAE04EC0-301F-11D3-BF4B-00C04F79EFBC}") = "Common", "Common\Common.csproj", "{B9A66D45-49EA-4AE0-9ACF-9D94BB516F95}"
EndProject
Project("{2150E333-8FDC-42A3-9474-1A3956D46DE8}") = "Solution Items", "Solution Items", "{4080B101-715E-4447-919D-3DFD301933E7}"
	ProjectSection(SolutionItems) = preProject
		CHANGELOG.md = CHANGELOG.md
		README.md = README.md
	EndProjectSection
EndProject
Global
	GlobalSection(SolutionConfigurationPlatforms) = preSolution
		Debug|Any CPU = Debug|Any CPU
		Release|Any CPU = Release|Any CPU
	EndGlobalSection
	GlobalSection(ProjectConfigurationPlatforms) = postSolution
		{EF36A713-56BA-4C6C-A645-EC96FEA7D095}.Debug|Any CPU.ActiveCfg = Debug|Any CPU
		{EF36A713-56BA-4C6C-A645-EC96FEA7D095}.Debug|Any CPU.Build.0 = Debug|Any CPU
		{EF36A713-56BA-4C6C-A645-EC96FEA7D095}.Release|Any CPU.ActiveCfg = Release|Any CPU
		{EF36A713-56BA-4C6C-A645-EC96FEA7D095}.Release|Any CPU.Build.0 = Release|Any CPU
		{646BF0B8-D3F6-4E45-9E52-AB2429CEB6E2}.Debug|Any CPU.ActiveCfg = Debug|Any CPU
		{646BF0B8-D3F6-4E45-9E52-AB2429CEB6E2}.Debug|Any CPU.Build.0 = Debug|Any CPU
		{646BF0B8-D3F6-4E45-9E52-AB2429CEB6E2}.Release|Any CPU.ActiveCfg = Release|Any CPU
		{646BF0B8-D3F6-4E45-9E52-AB2429CEB6E2}.Release|Any CPU.Build.0 = Release|Any CPU
		{EF6DE278-CF9E-47BF-9585-4C6009042175}.Debug|Any CPU.ActiveCfg = Debug|Any CPU
		{EF6DE278-CF9E-47BF-9585-4C6009042175}.Debug|Any CPU.Build.0 = Debug|Any CPU
		{EF6DE278-CF9E-47BF-9585-4C6009042175}.Release|Any CPU.ActiveCfg = Release|Any CPU
		{EF6DE278-CF9E-47BF-9585-4C6009042175}.Release|Any CPU.Build.0 = Release|Any CPU
		{9BA18374-EA0D-42C1-B099-3B1A19C57DE9}.Debug|Any CPU.ActiveCfg = Debug|Any CPU
		{9BA18374-EA0D-42C1-B099-3B1A19C57DE9}.Debug|Any CPU.Build.0 = Debug|Any CPU
		{9BA18374-EA0D-42C1-B099-3B1A19C57DE9}.Release|Any CPU.ActiveCfg = Release|Any CPU
		{9BA18374-EA0D-42C1-B099-3B1A19C57DE9}.Release|Any CPU.Build.0 = Release|Any CPU
		{B9A66D45-49EA-4AE0-9ACF-9D94BB516F95}.Debug|Any CPU.ActiveCfg = Debug|Any CPU
		{B9A66D45-49EA-4AE0-9ACF-9D94BB516F95}.Debug|Any CPU.Build.0 = Debug|Any CPU
		{B9A66D45-49EA-4AE0-9ACF-9D94BB516F95}.Release|Any CPU.ActiveCfg = Release|Any CPU
		{B9A66D45-49EA-4AE0-9ACF-9D94BB516F95}.Release|Any CPU.Build.0 = Release|Any CPU
	EndGlobalSection
	GlobalSection(SolutionProperties) = preSolution
		HideSolutionNode = FALSE
	EndGlobalSection
	GlobalSection(NestedProjects) = preSolution
		{EF36A713-56BA-4C6C-A645-EC96FEA7D095} = {C868BF2A-EC70-40BE-8436-2FC67602843D}
		{646BF0B8-D3F6-4E45-9E52-AB2429CEB6E2} = {426BE4D6-C6FC-4D5D-B413-EF866810AF08}
		{EF6DE278-CF9E-47BF-9585-4C6009042175} = {426BE4D6-C6FC-4D5D-B413-EF866810AF08}
		{9BA18374-EA0D-42C1-B099-3B1A19C57DE9} = {C7B32358-0B53-4CC8-A8FC-AFAA4B823252}
		{B9A66D45-49EA-4AE0-9ACF-9D94BB516F95} = {6520C562-3B60-459F-A251-5541D07F9A26}
	EndGlobalSection
EndGlobal
